
Microsoft Visual Studio Solution File, Format Version 12.00
# Visual Studio Version 16
VisualStudioVersion = 16.0.29215.179
MinimumVisualStudioVersion = 10.0.40219.1
Project("{FAE04EC0-301F-11D3-BF4B-00C04F79EFBC}") = "Scannit.UWP", "Scannit.UWP\Scannit.UWP.csproj", "{1F2B1C5E-330A-4EE6-9667-7841176C28D6}"
EndProject
Project("{FAE04EC0-301F-11D3-BF4B-00C04F79EFBC}") = "Scannit.Android", "Scannit.Android\Scannit.Android.csproj", "{797449C9-1F8F-4516-BE88-551749C9021F}"
EndProject
Project("{FAE04EC0-301F-11D3-BF4B-00C04F79EFBC}") = "Scannit", "Scannit\Scannit.csproj", "{2A58F461-DC49-4DBF-B9DA-1DFA72A8C5BC}"
EndProject
Global
	GlobalSection(SolutionConfigurationPlatforms) = preSolution
		Debug|Any CPU = Debug|Any CPU
		Debug|ARM = Debug|ARM
		Debug|x64 = Debug|x64
		Debug|x86 = Debug|x86
		Release|Any CPU = Release|Any CPU
		Release|ARM = Release|ARM
		Release|x64 = Release|x64
		Release|x86 = Release|x86
	EndGlobalSection
	GlobalSection(ProjectConfigurationPlatforms) = postSolution
		{1F2B1C5E-330A-4EE6-9667-7841176C28D6}.Debug|Any CPU.ActiveCfg = Debug|x86
		{1F2B1C5E-330A-4EE6-9667-7841176C28D6}.Debug|Any CPU.Build.0 = Debug|x86
		{1F2B1C5E-330A-4EE6-9667-7841176C28D6}.Debug|Any CPU.Deploy.0 = Debug|x86
		{1F2B1C5E-330A-4EE6-9667-7841176C28D6}.Debug|ARM.ActiveCfg = Debug|ARM
		{1F2B1C5E-330A-4EE6-9667-7841176C28D6}.Debug|ARM.Build.0 = Debug|ARM
		{1F2B1C5E-330A-4EE6-9667-7841176C28D6}.Debug|ARM.Deploy.0 = Debug|ARM
		{1F2B1C5E-330A-4EE6-9667-7841176C28D6}.Debug|x64.ActiveCfg = Debug|x64
		{1F2B1C5E-330A-4EE6-9667-7841176C28D6}.Debug|x64.Build.0 = Debug|x64
		{1F2B1C5E-330A-4EE6-9667-7841176C28D6}.Debug|x64.Deploy.0 = Debug|x64
		{1F2B1C5E-330A-4EE6-9667-7841176C28D6}.Debug|x86.ActiveCfg = Debug|x86
		{1F2B1C5E-330A-4EE6-9667-7841176C28D6}.Debug|x86.Build.0 = Debug|x86
		{1F2B1C5E-330A-4EE6-9667-7841176C28D6}.Debug|x86.Deploy.0 = Debug|x86
		{1F2B1C5E-330A-4EE6-9667-7841176C28D6}.Release|Any CPU.ActiveCfg = Release|x86
		{1F2B1C5E-330A-4EE6-9667-7841176C28D6}.Release|Any CPU.Build.0 = Release|x86
		{1F2B1C5E-330A-4EE6-9667-7841176C28D6}.Release|Any CPU.Deploy.0 = Release|x86
		{1F2B1C5E-330A-4EE6-9667-7841176C28D6}.Release|ARM.ActiveCfg = Release|ARM
		{1F2B1C5E-330A-4EE6-9667-7841176C28D6}.Release|ARM.Build.0 = Release|ARM
		{1F2B1C5E-330A-4EE6-9667-7841176C28D6}.Release|ARM.Deploy.0 = Release|ARM
		{1F2B1C5E-330A-4EE6-9667-7841176C28D6}.Release|x64.ActiveCfg = Release|x64
		{1F2B1C5E-330A-4EE6-9667-7841176C28D6}.Release|x64.Build.0 = Release|x64
		{1F2B1C5E-330A-4EE6-9667-7841176C28D6}.Release|x64.Deploy.0 = Release|x64
		{1F2B1C5E-330A-4EE6-9667-7841176C28D6}.Release|x86.ActiveCfg = Release|x86
		{1F2B1C5E-330A-4EE6-9667-7841176C28D6}.Release|x86.Build.0 = Release|x86
		{1F2B1C5E-330A-4EE6-9667-7841176C28D6}.Release|x86.Deploy.0 = Release|x86
		{797449C9-1F8F-4516-BE88-551749C9021F}.Debug|Any CPU.ActiveCfg = Debug|Any CPU
		{797449C9-1F8F-4516-BE88-551749C9021F}.Debug|Any CPU.Build.0 = Debug|Any CPU
		{797449C9-1F8F-4516-BE88-551749C9021F}.Debug|Any CPU.Deploy.0 = Debug|Any CPU
		{797449C9-1F8F-4516-BE88-551749C9021F}.Debug|ARM.ActiveCfg = Debug|Any CPU
		{797449C9-1F8F-4516-BE88-551749C9021F}.Debug|ARM.Build.0 = Debug|Any CPU
		{797449C9-1F8F-4516-BE88-551749C9021F}.Debug|ARM.Deploy.0 = Debug|Any CPU
		{797449C9-1F8F-4516-BE88-551749C9021F}.Debug|x64.ActiveCfg = Debug|Any CPU
		{797449C9-1F8F-4516-BE88-551749C9021F}.Debug|x64.Build.0 = Debug|Any CPU
		{797449C9-1F8F-4516-BE88-551749C9021F}.Debug|x64.Deploy.0 = Debug|Any CPU
		{797449C9-1F8F-4516-BE88-551749C9021F}.Debug|x86.ActiveCfg = Debug|Any CPU
		{797449C9-1F8F-4516-BE88-551749C9021F}.Debug|x86.Build.0 = Debug|Any CPU
		{797449C9-1F8F-4516-BE88-551749C9021F}.Debug|x86.Deploy.0 = Debug|Any CPU
		{797449C9-1F8F-4516-BE88-551749C9021F}.Release|Any CPU.ActiveCfg = Release|Any CPU
		{797449C9-1F8F-4516-BE88-551749C9021F}.Release|Any CPU.Build.0 = Release|Any CPU
		{797449C9-1F8F-4516-BE88-551749C9021F}.Release|Any CPU.Deploy.0 = Release|Any CPU
		{797449C9-1F8F-4516-BE88-551749C9021F}.Release|ARM.ActiveCfg = Release|Any CPU
		{797449C9-1F8F-4516-BE88-551749C9021F}.Release|ARM.Build.0 = Release|Any CPU
		{797449C9-1F8F-4516-BE88-551749C9021F}.Release|ARM.Deploy.0 = Release|Any CPU
		{797449C9-1F8F-4516-BE88-551749C9021F}.Release|x64.ActiveCfg = Release|Any CPU
		{797449C9-1F8F-4516-BE88-551749C9021F}.Release|x64.Build.0 = Release|Any CPU
		{797449C9-1F8F-4516-BE88-551749C9021F}.Release|x64.Deploy.0 = Release|Any CPU
		{797449C9-1F8F-4516-BE88-551749C9021F}.Release|x86.ActiveCfg = Release|Any CPU
		{797449C9-1F8F-4516-BE88-551749C9021F}.Release|x86.Build.0 = Release|Any CPU
		{797449C9-1F8F-4516-BE88-551749C9021F}.Release|x86.Deploy.0 = Release|Any CPU
		{2A58F461-DC49-4DBF-B9DA-1DFA72A8C5BC}.Debug|Any CPU.ActiveCfg = Debug|Any CPU
		{2A58F461-DC49-4DBF-B9DA-1DFA72A8C5BC}.Debug|Any CPU.Build.0 = Debug|Any CPU
		{2A58F461-DC49-4DBF-B9DA-1DFA72A8C5BC}.Debug|Any CPU.Deploy.0 = Debug|Any CPU
		{2A58F461-DC49-4DBF-B9DA-1DFA72A8C5BC}.Debug|ARM.ActiveCfg = Debug|Any CPU
		{2A58F461-DC49-4DBF-B9DA-1DFA72A8C5BC}.Debug|ARM.Build.0 = Debug|Any CPU
		{2A58F461-DC49-4DBF-B9DA-1DFA72A8C5BC}.Debug|ARM.Deploy.0 = Debug|Any CPU
		{2A58F461-DC49-4DBF-B9DA-1DFA72A8C5BC}.Debug|x64.ActiveCfg = Debug|Any CPU
		{2A58F461-DC49-4DBF-B9DA-1DFA72A8C5BC}.Debug|x64.Build.0 = Debug|Any CPU
		{2A58F461-DC49-4DBF-B9DA-1DFA72A8C5BC}.Debug|x64.Deploy.0 = Debug|Any CPU
		{2A58F461-DC49-4DBF-B9DA-1DFA72A8C5BC}.Debug|x86.ActiveCfg = Debug|Any CPU
		{2A58F461-DC49-4DBF-B9DA-1DFA72A8C5BC}.Debug|x86.Build.0 = Debug|Any CPU
		{2A58F461-DC49-4DBF-B9DA-1DFA72A8C5BC}.Debug|x86.Deploy.0 = Debug|Any CPU
		{2A58F461-DC49-4DBF-B9DA-1DFA72A8C5BC}.Release|Any CPU.ActiveCfg = Release|Any CPU
		{2A58F461-DC49-4DBF-B9DA-1DFA72A8C5BC}.Release|Any CPU.Build.0 = Release|Any CPU
		{2A58F461-DC49-4DBF-B9DA-1DFA72A8C5BC}.Release|Any CPU.Deploy.0 = Release|Any CPU
		{2A58F461-DC49-4DBF-B9DA-1DFA72A8C5BC}.Release|ARM.ActiveCfg = Release|Any CPU
		{2A58F461-DC49-4DBF-B9DA-1DFA72A8C5BC}.Release|ARM.Build.0 = Release|Any CPU
		{2A58F461-DC49-4DBF-B9DA-1DFA72A8C5BC}.Release|ARM.Deploy.0 = Release|Any CPU
		{2A58F461-DC49-4DBF-B9DA-1DFA72A8C5BC}.Release|x64.ActiveCfg = Release|Any CPU
		{2A58F461-DC49-4DBF-B9DA-1DFA72A8C5BC}.Release|x64.Build.0 = Release|Any CPU
		{2A58F461-DC49-4DBF-B9DA-1DFA72A8C5BC}.Release|x64.Deploy.0 = Release|Any CPU
		{2A58F461-DC49-4DBF-B9DA-1DFA72A8C5BC}.Release|x86.ActiveCfg = Release|Any CPU
		{2A58F461-DC49-4DBF-B9DA-1DFA72A8C5BC}.Release|x86.Build.0 = Release|Any CPU
		{2A58F461-DC49-4DBF-B9DA-1DFA72A8C5BC}.Release|x86.Deploy.0 = Release|Any CPU
	EndGlobalSection
	GlobalSection(SolutionProperties) = preSolution
		HideSolutionNode = FALSE
	EndGlobalSection
	GlobalSection(ExtensibilityGlobals) = postSolution
		SolutionGuid = {A46E874B-0292-4BA5-B3F3-FA522E3A99CA}
	EndGlobalSection
EndGlobal
